{
    "_meta": {
        "hash": {
            "sha256": "00f138d15c9e9a419611433437863602289a7fddd21d4ff9bc0128c1b0e29dd4"
        },
        "pipfile-spec": 6,
        "requires": {
            "python_version": "3.6"
        },
        "sources": [
            {
                "name": "pypi",
                "url": "https://pypi.python.org/simple",
                "verify_ssl": true
            }
        ]
    },
    "default": {
        "certifi": {
            "hashes": [
                "sha256:e4f3620cfea4f83eedc95b24abd9cd56f3c4b146dd0177e83a21b4eb49e21e50",
                "sha256:fd7c7c74727ddcf00e9acd26bba8da604ffec95bf1c2144e67aff7a8b50e6cef"
            ],
            "version": "==2019.9.11"
        },
        "chardet": {
            "hashes": [
                "sha256:84ab92ed1c4d4f16916e05906b6b75a6c0fb5db821cc65e70cbd64a3e2a5eaae",
                "sha256:fc323ffcaeaed0e0a02bf4d117757b98aed530d9ed4531e3e15460124c106691"
            ],
            "version": "==3.0.4"
        },
        "click": {
            "hashes": [
                "sha256:2335065e6395b9e67ca716de5f7526736bfa6ceead690adf616d925bdc622b13",
                "sha256:5b94b49521f6456670fdb30cd82a4eca9412788a93fa6dd6df72c94d5a8ff2d7"
            ],
            "version": "==7.0"
        },
        "datetime": {
            "hashes": [
                "sha256:6a7d0650cf9cfc10b0e152fa6c667176cff7cd68b93040c10aca868d4a4617c0",
                "sha256:b3d91011caff312274a629b35abd6eb67038f8f92423ad3d9e071c0bf8823226"
            ],
            "index": "pypi",
            "version": "==4.2"
        },
        "dpkt": {
            "hashes": [
                "sha256:aeb238020f689a1f7d328368d4fbaaaea48256249720e93e49343a053733735f",
                "sha256:c6a7ee878fa3d56e2c1fb44846f937046ba03b035da27382596e76f8d9f32967"
            ],
            "index": "pypi",
            "version": "==1.9.1"
        },
        "idna": {
            "hashes": [
                "sha256:156a6814fb5ac1fc6850fb002e0852d56c0c8d2531923a51032d1b70760e186e",
                "sha256:684a38a6f903c1d71d6d5fac066b58d7768af4de2b832e426ec79c30daa94a16"
            ],
            "version": "==2.7"
        },
        "ipaddress": {
            "hashes": [
                "sha256:6e0f4a39e66cb5bb9a137b00276a2eff74f93b71dcbdad6f10ff7df9d3557fcc",
                "sha256:b7f8e0369580bb4a24d5ba1d7cc29660a4a6987763faf1d8a8046830e020e7e2"
            ],
            "version": "==1.0.23"
        },
        "pymodm": {
            "hashes": [
                "sha256:7a3ce44f13c6bb6357e02dcec034773a4a330f6e76ef925d801e5d1a4f2c1bc2",
                "sha256:e1413fefe4aefea59563016cc691555b952582ba293088f96bbb4ba52279e761"
            ],
            "index": "pypi",
            "version": "==0.4.0"
        },
        "pymongo": {
            "hashes": [
                "sha256:01dd4d25dc0fad15db3b384d04ac6cc1f75b56b48afd0a85a8d8207b44b741bb",
                "sha256:18fa5c2ebb23c8f34f30a5c764ada19621a4523f83aeeb8df9fc19ecfe76f838",
                "sha256:1ee151105631724db9616dd2e083d7c28141c3fedc3d71c12bace5466621f785",
                "sha256:20769fd9bc0837e7334ad2c6c06953024b415dbed09fd59d6a61feeb29a6fe30",
                "sha256:2dd5b261b00adffce993dc5ffd0feb94368e1657eb16edeed62ae8fe142ac34e",
                "sha256:456b96c606147cea58f9316092b1ac8a239e891a1e8644a932e8a3c9cafec155",
                "sha256:480addc4e9b87877d0508d64a5f2489448358537e94476f6341538981aef6e8f",
                "sha256:54e5a5e70ca8afe38f517746ace4d20f5d814de16d5734299a18a664feb47a3f",
                "sha256:595b2b780e5b17e95eac1c5a8935a673742186849cd73bde6706b76b7de8d1ef",
                "sha256:59cf6f39042acd8062cc5c685838fb1532bb6424992ac757ceec742452d5a1bc",
                "sha256:634dc6e204f2dedfae18a095790e3baba6b071dbe0660b2b3af0f21ea0215cd4",
                "sha256:63d64859599b3ddc85ae7a211051e12ed956ce1deeaddc2c620fa323b6dfa97f",
                "sha256:66afa84a953e0e59d1f60bb05f25202759b9a606c748ee410b96763152cfd11a",
                "sha256:6de8a60ce357b36bfee923abcea29ede2906fa88cdc426d078e8fbb9b00efaa8",
                "sha256:82498737ef6c1ed6982b819eeac7fc241a581e7ac0eb73bea21bd4888e6e0530",
                "sha256:8c235432ddc354382ef9cce1e852d3c55ade84f661bcb617f2d095476d2927c4",
                "sha256:8c360dba39dce961d1e3b5af048612d17575f62abf889b9ddd74ab52d9026ed9",
                "sha256:914ae20e5f3574135ae270d69bd7e8cfdaacbfc561c47e587dee0dcbada3a3a2",
                "sha256:9162ebfca987ddf1dead8406e9b5bab3a68444b13fdd5aed9eca8bdec01a58f4",
                "sha256:99c794e427ff9cb50d7bd9ec52c4f1b89a8318f37b4ccbefdce446a7f4ec5f7c",
                "sha256:adb7b6cf1bb6908cbe5b2e131e2cc22c707fbf0f9f0f27878494834683b997a2",
                "sha256:b20de0b3b796f2ff2dddf14aba911bc429911583b8bbbaee2976e7fce7a56d56",
                "sha256:c6de26d1e171cdc449745b82f1addbc873d105b8e7335097da991c0fc664a4a8",
                "sha256:d8a81a7d611936931145fa759cfacf99ff755d16e2d336677af439e128613da1",
                "sha256:db739c3323e4b5abd4778a2b3c73b7582c5ceadb40612e0dcc20fbc1abb538a3",
                "sha256:dd93e47651d7a7a63c32d0c8f5d6e6c50d99b7a0f2ef08a4237727d89dac8f4e",
                "sha256:ea876d43fdeefebf8afa18cd647efa7b930eb8a4719ebdb1a8106cc51c446437",
                "sha256:ef1fb8ebbc0a0d1c92f6a2da4602e7ea10863fd546854d168c6638a0976e79fd",
                "sha256:f21caa2aae45ebfc420bc2631acf2c8de0e8384b14565c415c2fae9dc7aacdf9",
                "sha256:f90b14d3c833c3d588066fec3334d5c1648a7cfee4e279dc1e553ec13082559b",
                "sha256:fa1449e2a6cd96dfadf66530ba203fadfbcf54a4724628dac4104fc292b06477"
            ],
            "index": "pypi",
            "version": "==3.6.0"
        },
        "python-dotenv": {
            "hashes": [
                "sha256:45e927c34204c90f5faa35ea8709b894f6b1a7712d77eb50940601068040993b",
                "sha256:dc7940052cfe170e881aea40feb4ea7776e6a97170ed038fd2ee7e26e47585f2"
            ],
            "index": "pypi",
            "version": "==0.7.1"
        },
        "pytz": {
            "hashes": [
                "sha256:1c557d7d0e871de1f5ccd5833f60fb2550652da6be2693c1e02300743d21500d",
                "sha256:b02c06db6cf09c12dd25137e563b31700d3b80fcc4ad23abb7a315f2789819be"
            ],
            "version": "==2019.3"
        },
        "requests": {
            "hashes": [
                "sha256:99dcfdaaeb17caf6e526f32b6a7b780461512ab3f1d992187801694cba42770c",
                "sha256:a84b8c9ab6239b578f22d1c21d51b696dcfe004032bb80ea832398d6909d7279"
            ],
            "index": "pypi",
            "version": "==2.20.0"
        },
        "urllib3": {
            "hashes": [
                "sha256:2393a695cd12afedd0dcb26fe5d50d0cf248e5a66f75dbd89a3d4eb333a61af4",
                "sha256:a637e5fae88995b256e3409dc4d52c2e2e0ba32c42a6365fee8bbd2238de3cfb"
            ],
            "version": "==1.24.3"
        },
        "zope.interface": {
            "hashes": [
                "sha256:086707e0f413ff8800d9c4bc26e174f7ee4c9c8b0302fbad68d083071822316c",
                "sha256:1157b1ec2a1f5bf45668421e3955c60c610e31913cc695b407a574efdbae1f7b",
                "sha256:11ebddf765bff3bbe8dbce10c86884d87f90ed66ee410a7e6c392086e2c63d02",
                "sha256:14b242d53f6f35c2d07aa2c0e13ccb710392bcd203e1b82a1828d216f6f6b11f",
                "sha256:1b3d0dcabc7c90b470e59e38a9acaa361be43b3a6ea644c0063951964717f0e5",
                "sha256:20a12ab46a7e72b89ce0671e7d7a6c3c1ca2c2766ac98112f78c5bddaa6e4375",
                "sha256:298f82c0ab1b182bd1f34f347ea97dde0fffb9ecf850ecf7f8904b8442a07487",
                "sha256:2f6175722da6f23dbfc76c26c241b67b020e1e83ec7fe93c9e5d3dd18667ada2",
                "sha256:3b877de633a0f6d81b600624ff9137312d8b1d0f517064dfc39999352ab659f0",
                "sha256:4265681e77f5ac5bac0905812b828c9fe1ce80c6f3e3f8574acfb5643aeabc5b",
                "sha256:550695c4e7313555549aa1cdb978dc9413d61307531f123558e438871a883d63",
                "sha256:5f4d42baed3a14c290a078e2696c5f565501abde1b2f3f1a1c0a94fbf6fbcc39",
                "sha256:62dd71dbed8cc6a18379700701d959307823b3b2451bdc018594c48956ace745",
                "sha256:7040547e5b882349c0a2cc9b50674b1745db551f330746af434aad4f09fba2cc",
                "sha256:7e099fde2cce8b29434684f82977db4e24f0efa8b0508179fce1602d103296a2",
                "sha256:7e5c9a5012b2b33e87980cee7d1c82412b2ebabcb5862d53413ba1a2cfde23aa",
                "sha256:81295629128f929e73be4ccfdd943a0906e5fe3cdb0d43ff1e5144d16fbb52b1",
                "sha256:95cc574b0b83b85be9917d37cd2fad0ce5a0d21b024e1a5804d044aabea636fc",
                "sha256:968d5c5702da15c5bf8e4a6e4b67a4d92164e334e9c0b6acf080106678230b98",
                "sha256:9e998ba87df77a85c7bed53240a7257afe51a07ee6bc3445a0bf841886da0b97",
                "sha256:a0c39e2535a7e9c195af956610dba5a1073071d2d85e9d2e5d789463f63e52ab",
                "sha256:a15e75d284178afe529a536b0e8b28b7e107ef39626a7809b4ee64ff3abc9127",
                "sha256:a6a6ff82f5f9b9702478035d8f6fb6903885653bff7ec3a1e011edc9b1a7168d",
                "sha256:b639f72b95389620c1f881d94739c614d385406ab1d6926a9ffe1c8abbea23fe",
                "sha256:bad44274b151d46619a7567010f7cde23a908c6faa84b97598fd2f474a0c6891",
                "sha256:bbcef00d09a30948756c5968863316c949d9cedbc7aabac5e8f0ffbdb632e5f1",
                "sha256:d788a3999014ddf416f2dc454efa4a5dbeda657c6aba031cf363741273804c6b",
                "sha256:eed88ae03e1ef3a75a0e96a55a99d7937ed03e53d0cffc2451c208db445a2966",
                "sha256:f99451f3a579e73b5dd58b1b08d1179791d49084371d9a47baad3b22417f0317"
            ],
            "version": "==4.6.0"
        }
    },
    "develop": {}
}
